
Microsoft Visual Studio Solution File, Format Version 12.00
# Visual Studio Version 17
VisualStudioVersion = 17.13.35806.99 d17.13
MinimumVisualStudioVersion = 10.0.40219.1
Project("{FAE04EC0-301F-11D3-BF4B-00C04F79EFBC}") = "Lab2", "Lab2.csproj", "{6CA4B3E1-09E8-4515-80F4-1F9BA935860F}"
EndProject
Global
	GlobalSection(SolutionConfigurationPlatforms) = preSolution
		Debug|Any CPU = Debug|Any CPU
		Release|Any CPU = Release|Any CPU
	EndGlobalSection
	GlobalSection(ProjectConfigurationPlatforms) = postSolution
		{6CA4B3E1-09E8-4515-80F4-1F9BA935860F}.Debug|Any CPU.ActiveCfg = Debug|Any CPU
		{6CA4B3E1-09E8-4515-80F4-1F9BA935860F}.Debug|Any CPU.Build.0 = Debug|Any CPU
		{6CA4B3E1-09E8-4515-80F4-1F9BA935860F}.Release|Any CPU.ActiveCfg = Release|Any CPU
		{6CA4B3E1-09E8-4515-80F4-1F9BA935860F}.Release|Any CPU.Build.0 = Release|Any CPU
	EndGlobalSection
	GlobalSection(SolutionProperties) = preSolution
		HideSolutionNode = FALSE
	EndGlobalSection
	GlobalSection(ExtensibilityGlobals) = postSolution
		SolutionGuid = {E38D02C9-EE70-4935-BDDC-6DFF0CAA9FDA}
	EndGlobalSection
EndGlobal
